dependencies:
- name: common
  repository: https://charts.bitnami.com/bitnami
  version: 2.27.0
- name: postgresql
  repository: https://charts.bitnami.com/bitnami
  version: 16.4.14
- name: redis
  repository: https://charts.bitnami.com/bitnami
  version: 17.1.8
digest: sha256:40288ae8eb4105d8d82b8d6b6b0c94ffcfdc61a684a67c1e30579e4ad5d79901
generated: "2025-02-24T05:25:44.027661719Z"
