dependencies:
- name: common
  repository: https://charts.bitnami.com/bitnami
  version: 2.27.0
- name: postgresql
  repository: https://charts.bitnami.com/bitnami
  version: 11.8.2
- name: redis
  repository: https://charts.bitnami.com/bitnami
  version: 20.9.0
digest: sha256:c48f5aab90d5cbf0ae5156c6391faba4b34ec16cef55cce65e3767078318f7af
generated: "2025-02-25T16:00:07.238480906Z"
